{
  "name": "homebridge-my-tadiran",
  "version": "0.1.6",
  "lockfileVersion": 3,
  "requires": true,
  "packages": {
    "": {
      "name": "homebridge-my-tadiran",
      "version": "0.1.6",
      "license": "MIT",
      "dependencies": {
        "@homebridge/plugin-ui-utils": "^2.2.6"
      },
      "engines": {
        "homebridge": "^1.8.0 || ^2.0.0",
        "node": "^22.10.0 || ^24.0.0"
      }
    },
    "node_modules/@homebridge/plugin-ui-utils": {
      "version": "2.2.6",
      "resolved": "https://registry.npmjs.org/@homebridge/plugin-ui-utils/-/plugin-ui-utils-2.2.6.tgz",
      "integrity": "sha512-RQggRK/c8goET+yPCoh+UhlmY/LblZ+JLOC7qsrazsjy2nB5fvSfobOADIdNExV+B2H2UZvpw8Mizo78OtjXZQ==",
      "license": "MIT"
    }
  }
}
